// !$*UTF8*$!
{
	archiveVersion = 1;
	classes = {
	};
	objectVersion = 46;
	objects = {

/* Begin PBXBuildFile section */
		DA1344291A26EE2B00729BD2 /* main.m in Sources */ = {isa = PBXBuildFile; fileRef = DA1344281A26EE2B00729BD2 /* main.m */; };
		DA13442C1A26EE2B00729BD2 /* AppDelegate.m in Sources */ = {isa = PBXBuildFile; fileRef = DA13442B1A26EE2B00729BD2 /* AppDelegate.m */; };
		DA1344321A26EE2B00729BD2 /* Main.storyboard in Resources */ = {isa = PBXBuildFile; fileRef = DA1344301A26EE2B00729BD2 /* Main.storyboard */; };
		DA1344341A26EE2B00729BD2 /* Images.xcassets in Resources */ = {isa = PBXBuildFile; fileRef = DA1344331A26EE2B00729BD2 /* Images.xcassets */; };
		DA1344371A26EE2B00729BD2 /* LaunchScreen.xib in Resources */ = {isa = PBXBuildFile; fileRef = DA1344351A26EE2B00729BD2 /* LaunchScreen.xib */; };
		DA13444F1A280B6E00729BD2 /* QRCodeReaderVC.m in Sources */ = {isa = PBXBuildFile; fileRef = DA13444E1A280B6E00729BD2 /* QRCodeReaderVC.m */; };
		DA1344511A280BA500729BD2 /* Foundation.framework in Frameworks */ = {isa = PBXBuildFile; fileRef = DA1344501A280BA500729BD2 /* Foundation.framework */; };
		DA1344531A280BAD00729BD2 /* CoreGraphics.framework in Frameworks */ = {isa = PBXBuildFile; fileRef = DA1344521A280BAD00729BD2 /* CoreGraphics.framework */; };
		DA1344551A280BB600729BD2 /* UIKit.framework in Frameworks */ = {isa = PBXBuildFile; fileRef = DA1344541A280BB600729BD2 /* UIKit.framework */; };
		DA1344581A280C5800729BD2 /* beep.mp3 in Resources */ = {isa = PBXBuildFile; fileRef = DA1344571A280C5800729BD2 /* beep.mp3 */; };
		DA7E11C61A32CC8B005F4737 /* VeriFact_Tests.m in Sources */ = {isa = PBXBuildFile; fileRef = DA7E11C51A32CC8B005F4737 /* VeriFact_Tests.m */; };
		DAC22AD31A3056610050CD44 /* InvoiceIcon.png in Resources */ = {isa = PBXBuildFile; fileRef = DAC22AD21A3056610050CD44 /* InvoiceIcon.png */; };
		DAC22AD71A3059230050CD44 /* Info.png in Resources */ = {isa = PBXBuildFile; fileRef = DAC22AD61A3059230050CD44 /* Info.png */; };
		DAC326DC1A31814A001A00D7 /* SystemConfiguration.framework in Frameworks */ = {isa = PBXBuildFile; fileRef = DAC326DB1A31814A001A00D7 /* SystemConfiguration.framework */; };
/* End PBXBuildFile section */

/* Begin PBXContainerItemProxy section */
		DA7E11C71A32CC8B005F4737 /* PBXContainerItemProxy */ = {
			isa = PBXContainerItemProxy;
			containerPortal = DA13441B1A26EE2B00729BD2 /* Project object */;
			proxyType = 1;
			remoteGlobalIDString = DA1344221A26EE2B00729BD2;
			remoteInfo = VeriFact;
		};
/* End PBXContainerItemProxy section */

/* Begin PBXFileReference section */
		DA1344231A26EE2B00729BD2 /* VeriFact.app */ = {isa = PBXFileReference; explicitFileType = wrapper.application; includeInIndex = 0; path = VeriFact.app; sourceTree = BUILT_PRODUCTS_DIR; };
		DA1344271A26EE2B00729BD2 /* Info.plist */ = {isa = PBXFileReference; lastKnownFileType = text.plist.xml; path = Info.plist; sourceTree = "<group>"; };
		DA1344281A26EE2B00729BD2 /* main.m */ = {isa = PBXFileReference; lastKnownFileType = sourcecode.c.objc; path = main.m; sourceTree = "<group>"; };
		DA13442A1A26EE2B00729BD2 /* AppDelegate.h */ = {isa = PBXFileReference; lastKnownFileType = sourcecode.c.h; path = AppDelegate.h; sourceTree = "<group>"; };
		DA13442B1A26EE2B00729BD2 /* AppDelegate.m */ = {isa = PBXFileReference; lastKnownFileType = sourcecode.c.objc; path = AppDelegate.m; sourceTree = "<group>"; };
		DA1344311A26EE2B00729BD2 /* Base */ = {isa = PBXFileReference; lastKnownFileType = file.storyboard; name = Base; path = Base.lproj/Main.storyboard; sourceTree = "<group>"; };
		DA1344331A26EE2B00729BD2 /* Images.xcassets */ = {isa = PBXFileReference; lastKnownFileType = folder.assetcatalog; path = Images.xcassets; sourceTree = "<group>"; };
		DA1344361A26EE2B00729BD2 /* Base */ = {isa = PBXFileReference; lastKnownFileType = file.xib; name = Base; path = Base.lproj/LaunchScreen.xib; sourceTree = "<group>"; };
		DA13444D1A280B6E00729BD2 /* QRCodeReaderVC.h */ = {isa = PBXFileReference; fileEncoding = 4; lastKnownFileType = sourcecode.c.h; path = QRCodeReaderVC.h; sourceTree = "<group>"; };
		DA13444E1A280B6E00729BD2 /* QRCodeReaderVC.m */ = {isa = PBXFileReference; fileEncoding = 4; lastKnownFileType = sourcecode.c.objc; path = QRCodeReaderVC.m; sourceTree = "<group>"; };
		DA1344501A280BA500729BD2 /* Foundation.framework */ = {isa = PBXFileReference; lastKnownFileType = wrapper.framework; name = Foundation.framework; path = System/Library/Frameworks/Foundation.framework; sourceTree = SDKROOT; };
		DA1344521A280BAD00729BD2 /* CoreGraphics.framework */ = {isa = PBXFileReference; lastKnownFileType = wrapper.framework; name = CoreGraphics.framework; path = System/Library/Frameworks/CoreGraphics.framework; sourceTree = SDKROOT; };
		DA1344541A280BB600729BD2 /* UIKit.framework */ = {isa = PBXFileReference; lastKnownFileType = wrapper.framework; name = UIKit.framework; path = System/Library/Frameworks/UIKit.framework; sourceTree = SDKROOT; };
		DA1344571A280C5800729BD2 /* beep.mp3 */ = {isa = PBXFileReference; lastKnownFileType = audio.mp3; path = beep.mp3; sourceTree = "<group>"; };
		DA7E11C11A32CC8A005F4737 /* VeriFact Tests.xctest */ = {isa = PBXFileReference; explicitFileType = wrapper.cfbundle; includeInIndex = 0; path = "VeriFact Tests.xctest"; sourceTree = BUILT_PRODUCTS_DIR; };
		DA7E11C41A32CC8B005F4737 /* Info.plist */ = {isa = PBXFileReference; lastKnownFileType = text.plist.xml; path = Info.plist; sourceTree = "<group>"; };
		DA7E11C51A32CC8B005F4737 /* VeriFact_Tests.m */ = {isa = PBXFileReference; lastKnownFileType = sourcecode.c.objc; path = VeriFact_Tests.m; sourceTree = "<group>"; };
		DAC22AD21A3056610050CD44 /* InvoiceIcon.png */ = {isa = PBXFileReference; lastKnownFileType = image.png; path = InvoiceIcon.png; sourceTree = "<group>"; };
		DAC22AD61A3059230050CD44 /* Info.png */ = {isa = PBXFileReference; lastKnownFileType = image.png; path = Info.png; sourceTree = "<group>"; };
		DAC326DB1A31814A001A00D7 /* SystemConfiguration.framework */ = {isa = PBXFileReference; lastKnownFileType = wrapper.framework; name = SystemConfiguration.framework; path = System/Library/Frameworks/SystemConfiguration.framework; sourceTree = SDKROOT; };
		DAE827F01A2F083D009F16A5 /* Info.plist */ = {isa = PBXFileReference; lastKnownFileType = text.plist.xml; path = Info.plist; sourceTree = "<group>"; };
		DAE827F11A2F083D009F16A5 /* VeriFactura_Tests.m */ = {isa = PBXFileReference; lastKnownFileType = sourcecode.c.objc; path = VeriFactura_Tests.m; sourceTree = "<group>"; };
/* End PBXFileReference section */

/* Begin PBXFrameworksBuildPhase section */
		DA1344201A26EE2B00729BD2 /* Frameworks */ = {
			isa = PBXFrameworksBuildPhase;
			buildActionMask = 2147483647;
			files = (
				DAC326DC1A31814A001A00D7 /* SystemConfiguration.framework in Frameworks */,
				DA1344551A280BB600729BD2 /* UIKit.framework in Frameworks */,
				DA1344531A280BAD00729BD2 /* CoreGraphics.framework in Frameworks */,
				DA1344511A280BA500729BD2 /* Foundation.framework in Frameworks */,
			);
			runOnlyForDeploymentPostprocessing = 0;
		};
		DA7E11BE1A32CC8A005F4737 /* Frameworks */ = {
			isa = PBXFrameworksBuildPhase;
			buildActionMask = 2147483647;
			files = (
			);
			runOnlyForDeploymentPostprocessing = 0;
		};
/* End PBXFrameworksBuildPhase section */

/* Begin PBXGroup section */
		DA13441A1A26EE2B00729BD2 = {
			isa = PBXGroup;
			children = (
				DA1344251A26EE2B00729BD2 /* verificacion */,
				DAE827EE1A2F083D009F16A5 /* VeriFactura Tests */,
				DA7E11C21A32CC8B005F4737 /* VeriFact Tests */,
				DA1344561A280BC100729BD2 /* Frameworks */,
				DA1344241A26EE2B00729BD2 /* Products */,
			);
			sourceTree = "<group>";
		};
		DA1344241A26EE2B00729BD2 /* Products */ = {
			isa = PBXGroup;
			children = (
				DA1344231A26EE2B00729BD2 /* VeriFact.app */,
				DA7E11C11A32CC8A005F4737 /* VeriFact Tests.xctest */,
			);
			name = Products;
			sourceTree = "<group>";
		};
		DA1344251A26EE2B00729BD2 /* verificacion */ = {
			isa = PBXGroup;
			children = (
				DA13444C1A280B2500729BD2 /* ViewControllers */,
				DA13442A1A26EE2B00729BD2 /* AppDelegate.h */,
				DA13442B1A26EE2B00729BD2 /* AppDelegate.m */,
				DA1344301A26EE2B00729BD2 /* Main.storyboard */,
				DA1344571A280C5800729BD2 /* beep.mp3 */,
				DA1344331A26EE2B00729BD2 /* Images.xcassets */,
				DA1344351A26EE2B00729BD2 /* LaunchScreen.xib */,
				DA1344261A26EE2B00729BD2 /* Supporting Files */,
			);
			path = verificacion;
			sourceTree = "<group>";
		};
		DA1344261A26EE2B00729BD2 /* Supporting Files */ = {
			isa = PBXGroup;
			children = (
				DAC22AD21A3056610050CD44 /* InvoiceIcon.png */,
				DAC22AD61A3059230050CD44 /* Info.png */,
				DA1344271A26EE2B00729BD2 /* Info.plist */,
				DA1344281A26EE2B00729BD2 /* main.m */,
			);
			name = "Supporting Files";
			sourceTree = "<group>";
		};
		DA13444C1A280B2500729BD2 /* ViewControllers */ = {
			isa = PBXGroup;
			children = (
				DA13444D1A280B6E00729BD2 /* QRCodeReaderVC.h */,
				DA13444E1A280B6E00729BD2 /* QRCodeReaderVC.m */,
			);
			name = ViewControllers;
			sourceTree = "<group>";
		};
		DA1344561A280BC100729BD2 /* Frameworks */ = {
			isa = PBXGroup;
			children = (
				DAC326DB1A31814A001A00D7 /* SystemConfiguration.framework */,
				DA1344541A280BB600729BD2 /* UIKit.framework */,
				DA1344521A280BAD00729BD2 /* CoreGraphics.framework */,
				DA1344501A280BA500729BD2 /* Foundation.framework */,
			);
			name = Frameworks;
			sourceTree = "<group>";
		};
		DA7E11C21A32CC8B005F4737 /* VeriFact Tests */ = {
			isa = PBXGroup;
			children = (
				DA7E11C51A32CC8B005F4737 /* VeriFact_Tests.m */,
				DA7E11C31A32CC8B005F4737 /* Supporting Files */,
			);
			path = "VeriFact Tests";
			sourceTree = "<group>";
		};
		DA7E11C31A32CC8B005F4737 /* Supporting Files */ = {
			isa = PBXGroup;
			children = (
				DA7E11C41A32CC8B005F4737 /* Info.plist */,
			);
			name = "Supporting Files";
			sourceTree = "<group>";
		};
		DAE827EE1A2F083D009F16A5 /* VeriFactura Tests */ = {
			isa = PBXGroup;
			children = (
				DAE827F11A2F083D009F16A5 /* VeriFactura_Tests.m */,
				DAE827EF1A2F083D009F16A5 /* Supporting Files */,
			);
			path = "VeriFactura Tests";
			sourceTree = "<group>";
		};
		DAE827EF1A2F083D009F16A5 /* Supporting Files */ = {
			isa = PBXGroup;
			children = (
				DAE827F01A2F083D009F16A5 /* Info.plist */,
			);
			name = "Supporting Files";
			sourceTree = "<group>";
		};
/* End PBXGroup section */

/* Begin PBXNativeTarget section */
		DA1344221A26EE2B00729BD2 /* VeriFact */ = {
			isa = PBXNativeTarget;
			buildConfigurationList = DA1344461A26EE2B00729BD2 /* Build configuration list for PBXNativeTarget "VeriFact" */;
			buildPhases = (
				DA13441F1A26EE2B00729BD2 /* Sources */,
				DA1344201A26EE2B00729BD2 /* Frameworks */,
				DA1344211A26EE2B00729BD2 /* Resources */,
			);
			buildRules = (
			);
			dependencies = (
			);
			name = VeriFact;
			productName = verificacion;
			productReference = DA1344231A26EE2B00729BD2 /* VeriFact.app */;
			productType = "com.apple.product-type.application";
		};
		DA7E11C01A32CC8A005F4737 /* VeriFact Tests */ = {
			isa = PBXNativeTarget;
			buildConfigurationList = DA7E11C91A32CC8B005F4737 /* Build configuration list for PBXNativeTarget "VeriFact Tests" */;
			buildPhases = (
				DA7E11BD1A32CC8A005F4737 /* Sources */,
				DA7E11BE1A32CC8A005F4737 /* Frameworks */,
				DA7E11BF1A32CC8A005F4737 /* Resources */,
			);
			buildRules = (
			);
			dependencies = (
				DA7E11C81A32CC8B005F4737 /* PBXTargetDependency */,
			);
			name = "VeriFact Tests";
			productName = "VeriFact Tests";
			productReference = DA7E11C11A32CC8A005F4737 /* VeriFact Tests.xctest */;
			productType = "com.apple.product-type.bundle.unit-test";
		};
/* End PBXNativeTarget section */

/* Begin PBXProject section */
		DA13441B1A26EE2B00729BD2 /* Project object */ = {
			isa = PBXProject;
			attributes = {
				LastUpgradeCheck = 0720;
				ORGANIZATIONNAME = "Daniel Rodriguez";
				TargetAttributes = {
					DA1344221A26EE2B00729BD2 = {
						CreatedOnToolsVersion = 6.1;
						DevelopmentTeam = YEG548UG49;
					};
					DA7E11C01A32CC8A005F4737 = {
						CreatedOnToolsVersion = 6.1;
						TestTargetID = DA1344221A26EE2B00729BD2;
					};
				};
			};
			buildConfigurationList = DA13441E1A26EE2B00729BD2 /* Build configuration list for PBXProject "VeriFact" */;
			compatibilityVersion = "Xcode 3.2";
			developmentRegion = English;
			hasScannedForEncodings = 0;
			knownRegions = (
				en,
				Base,
			);
			mainGroup = DA13441A1A26EE2B00729BD2;
			productRefGroup = DA1344241A26EE2B00729BD2 /* Products */;
			projectDirPath = "";
			projectRoot = "";
			targets = (
				DA1344221A26EE2B00729BD2 /* VeriFact */,
				DA7E11C01A32CC8A005F4737 /* VeriFact Tests */,
			);
		};
/* End PBXProject section */

/* Begin PBXResourcesBuildPhase section */
		DA1344211A26EE2B00729BD2 /* Resources */ = {
			isa = PBXResourcesBuildPhase;
			buildActionMask = 2147483647;
			files = (
				DA1344321A26EE2B00729BD2 /* Main.storyboard in Resources */,
				DAC22AD71A3059230050CD44 /* Info.png in Resources */,
				DA1344371A26EE2B00729BD2 /* LaunchScreen.xib in Resources */,
				DAC22AD31A3056610050CD44 /* InvoiceIcon.png in Resources */,
				DA1344581A280C5800729BD2 /* beep.mp3 in Resources */,
				DA1344341A26EE2B00729BD2 /* Images.xcassets in Resources */,
			);
			runOnlyForDeploymentPostprocessing = 0;
		};
		DA7E11BF1A32CC8A005F4737 /* Resources */ = {
			isa = PBXResourcesBuildPhase;
			buildActionMask = 2147483647;
			files = (
			);
			runOnlyForDeploymentPostprocessing = 0;
		};
/* End PBXResourcesBuildPhase section */

/* Begin PBXSourcesBuildPhase section */
		DA13441F1A26EE2B00729BD2 /* Sources */ = {
			isa = PBXSourcesBuildPhase;
			buildActionMask = 2147483647;
			files = (
				DA13444F1A280B6E00729BD2 /* QRCodeReaderVC.m in Sources */,
				DA13442C1A26EE2B00729BD2 /* AppDelegate.m in Sources */,
				DA1344291A26EE2B00729BD2 /* main.m in Sources */,
			);
			runOnlyForDeploymentPostprocessing = 0;
		};
		DA7E11BD1A32CC8A005F4737 /* Sources */ = {
			isa = PBXSourcesBuildPhase;
			buildActionMask = 2147483647;
			files = (
				DA7E11C61A32CC8B005F4737 /* VeriFact_Tests.m in Sources */,
			);
			runOnlyForDeploymentPostprocessing = 0;
		};
/* End PBXSourcesBuildPhase section */

/* Begin PBXTargetDependency section */
		DA7E11C81A32CC8B005F4737 /* PBXTargetDependency */ = {
			isa = PBXTargetDependency;
			target = DA1344221A26EE2B00729BD2 /* VeriFact */;
			targetProxy = DA7E11C71A32CC8B005F4737 /* PBXContainerItemProxy */;
		};
/* End PBXTargetDependency section */

/* Begin PBXVariantGroup section */
		DA1344301A26EE2B00729BD2 /* Main.storyboard */ = {
			isa = PBXVariantGroup;
			children = (
				DA1344311A26EE2B00729BD2 /* Base */,
			);
			name = Main.storyboard;
			sourceTree = "<group>";
		};
		DA1344351A26EE2B00729BD2 /* LaunchScreen.xib */ = {
			isa = PBXVariantGroup;
			children = (
				DA1344361A26EE2B00729BD2 /* Base */,
			);
			name = LaunchScreen.xib;
			sourceTree = "<group>";
		};
/* End PBXVariantGroup section */

/* Begin XCBuildConfiguration section */
		DA1344441A26EE2B00729BD2 /* Debug */ = {
			isa = XCBuildConfiguration;
			buildSettings = {
				ALWAYS_SEARCH_USER_PATHS = NO;
				CLANG_CXX_LANGUAGE_STANDARD = "gnu++0x";
				CLANG_CXX_LIBRARY = "libc++";
				CLANG_ENABLE_MODULES = YES;
				CLANG_ENABLE_OBJC_ARC = YES;
				CLANG_WARN_BOOL_CONVERSION = YES;
				CLANG_WARN_CONSTANT_CONVERSION = YES;
				CLANG_WARN_DIRECT_OBJC_ISA_USAGE = YES_ERROR;
				CLANG_WARN_EMPTY_BODY = YES;
				CLANG_WARN_ENUM_CONVERSION = YES;
				CLANG_WARN_INT_CONVERSION = YES;
				CLANG_WARN_OBJC_ROOT_CLASS = YES_ERROR;
				CLANG_WARN_UNREACHABLE_CODE = YES;
				CLANG_WARN__DUPLICATE_METHOD_MATCH = YES;
				"CODE_SIGN_IDENTITY[sdk=iphoneos*]" = "iPhone Developer";
				COPY_PHASE_STRIP = NO;
				ENABLE_STRICT_OBJC_MSGSEND = YES;
				ENABLE_TESTABILITY = YES;
				GCC_C_LANGUAGE_STANDARD = gnu99;
				GCC_DYNAMIC_NO_PIC = NO;
				GCC_OPTIMIZATION_LEVEL = 0;
				GCC_PREPROCESSOR_DEFINITIONS = (
					"DEBUG=1",
					"$(inherited)",
				);
				GCC_SYMBOLS_PRIVATE_EXTERN = NO;
				GCC_WARN_64_TO_32_BIT_CONVERSION = YES;
				GCC_WARN_ABOUT_RETURN_TYPE = YES_ERROR;
				GCC_WARN_UNDECLARED_SELECTOR = YES;
				GCC_WARN_UNINITIALIZED_AUTOS = YES_AGGRESSIVE;
				GCC_WARN_UNUSED_FUNCTION = YES;
				GCC_WARN_UNUSED_VARIABLE = YES;
				IPHONEOS_DEPLOYMENT_TARGET = 8.1;
				MTL_ENABLE_DEBUG_INFO = YES;
				ONLY_ACTIVE_ARCH = YES;
				SDKROOT = iphoneos;
			};
			name = Debug;
		};
		DA1344451A26EE2B00729BD2 /* Release */ = {
			isa = XCBuildConfiguration;
			buildSettings = {
				ALWAYS_SEARCH_USER_PATHS = NO;
				CLANG_CXX_LANGUAGE_STANDARD = "gnu++0x";
				CLANG_CXX_LIBRARY = "libc++";
				CLANG_ENABLE_MODULES = YES;
				CLANG_ENABLE_OBJC_ARC = YES;
				CLANG_WARN_BOOL_CONVERSION = YES;
				CLANG_WARN_CONSTANT_CONVERSION = YES;
				CLANG_WARN_DIRECT_OBJC_ISA_USAGE = YES_ERROR;
				CLANG_WARN_EMPTY_BODY = YES;
				CLANG_WARN_ENUM_CONVERSION = YES;
				CLANG_WARN_INT_CONVERSION = YES;
				CLANG_WARN_OBJC_ROOT_CLASS = YES_ERROR;
				CLANG_WARN_UNREACHABLE_CODE = YES;
				CLANG_WARN__DUPLICATE_METHOD_MATCH = YES;
				"CODE_SIGN_IDENTITY[sdk=iphoneos*]" = "iPhone Developer";
				COPY_PHASE_STRIP = YES;
				ENABLE_NS_ASSERTIONS = NO;
				ENABLE_STRICT_OBJC_MSGSEND = YES;
				GCC_C_LANGUAGE_STANDARD = gnu99;
				GCC_WARN_64_TO_32_BIT_CONVERSION = YES;
				GCC_WARN_ABOUT_RETURN_TYPE = YES_ERROR;
				GCC_WARN_UNDECLARED_SELECTOR = YES;
				GCC_WARN_UNINITIALIZED_AUTOS = YES_AGGRESSIVE;
				GCC_WARN_UNUSED_FUNCTION = YES;
				GCC_WARN_UNUSED_VARIABLE = YES;
				IPHONEOS_DEPLOYMENT_TARGET = 8.1;
				MTL_ENABLE_DEBUG_INFO = NO;
				SDKROOT = iphoneos;
				VALIDATE_PRODUCT = YES;
			};
			name = Release;
		};
		DA1344471A26EE2B00729BD2 /* Debug */ = {
			isa = XCBuildConfiguration;
			buildSettings = {
				ASSETCATALOG_COMPILER_APPICON_NAME = AppIcon;
				ASSETCATALOG_COMPILER_LAUNCHIMAGE_NAME = LaunchImage;
				CODE_SIGN_IDENTITY = "iPhone Developer";
				"CODE_SIGN_IDENTITY[sdk=iphoneos*]" = "iPhone Developer";
				INFOPLIST_FILE = verificacion/Info.plist;
				IPHONEOS_DEPLOYMENT_TARGET = 9.0;
				LD_RUNPATH_SEARCH_PATHS = "$(inherited) @executable_path/Frameworks";
				PRODUCT_BUNDLE_IDENTIFIER = "com.cordyceps.$(PRODUCT_NAME:rfc1034identifier)";
				PRODUCT_NAME = VeriFact;
				PROVISIONING_PROFILE = "";
				TARGETED_DEVICE_FAMILY = 1;
			};
			name = Debug;
		};
		DA1344481A26EE2B00729BD2 /* Release */ = {
			isa = XCBuildConfiguration;
			buildSettings = {
				ASSETCATALOG_COMPILER_APPICON_NAME = AppIcon;
				ASSETCATALOG_COMPILER_LAUNCHIMAGE_NAME = LaunchImage;
				CODE_SIGN_IDENTITY = "iPhone Developer";
				"CODE_SIGN_IDENTITY[sdk=*]" = "";
				"CODE_SIGN_IDENTITY[sdk=iphoneos*]" = "iPhone Developer";
				INFOPLIST_FILE = verificacion/Info.plist;
				IPHONEOS_DEPLOYMENT_TARGET = 9.0;
				LD_RUNPATH_SEARCH_PATHS = "$(inherited) @executable_path/Frameworks";
				PRODUCT_BUNDLE_IDENTIFIER = "com.cordyceps.$(PRODUCT_NAME:rfc1034identifier)";
				PRODUCT_NAME = VeriFact;
				PROVISIONING_PROFILE = "";
				"PROVISIONING_PROFILE[sdk=iphoneos*]" = "2acfb681-ff96-43b9-bcf0-00516acfaa0a";
				TARGETED_DEVICE_FAMILY = 1;
			};
			name = Release;
		};
		DA7E11CA1A32CC8B005F4737 /* Debug */ = {
			isa = XCBuildConfiguration;
			buildSettings = {
				BUNDLE_LOADER = "$(TEST_HOST)";
				FRAMEWORK_SEARCH_PATHS = (
					"$(SDKROOT)/Developer/Library/Frameworks",
					"$(inherited)",
				);
				GCC_PREPROCESSOR_DEFINITIONS = (
					"DEBUG=1",
					"$(inherited)",
				);
				INFOPLIST_FILE = "VeriFact Tests/Info.plist";
				LD_RUNPATH_SEARCH_PATHS = "$(inherited) @executable_path/Frameworks @loader_path/Frameworks";
				PRODUCT_BUNDLE_IDENTIFIER = "com.cordyceps.$(PRODUCT_NAME:rfc1034identifier)";
				PRODUCT_NAME = "$(TARGET_NAME)";
				TEST_HOST = "$(BUILT_PRODUCTS_DIR)/VeriFact.app/VeriFact";
			};
			name = Debug;
		};
		DA7E11CB1A32CC8B005F4737 /* Release */ = {
			isa = XCBuildConfiguration;
			buildSettings = {
				BUNDLE_LOADER = "$(TEST_HOST)";
				FRAMEWORK_SEARCH_PATHS = (
					"$(SDKROOT)/Developer/Library/Frameworks",
					"$(inherited)",
				);
				INFOPLIST_FILE = "VeriFact Tests/Info.plist";
				LD_RUNPATH_SEARCH_PATHS = "$(inherited) @executable_path/Frameworks @loader_path/Frameworks";
				PRODUCT_BUNDLE_IDENTIFIER = "com.cordyceps.$(PRODUCT_NAME:rfc1034identifier)";
				PRODUCT_NAME = "$(TARGET_NAME)";
				TEST_HOST = "$(BUILT_PRODUCTS_DIR)/VeriFact.app/VeriFact";
			};
			name = Release;
		};
/* End XCBuildConfiguration section */

/* Begin XCConfigurationList section */
		DA13441E1A26EE2B00729BD2 /* Build configuration list for PBXProject "VeriFact" */ = {
			isa = XCConfigurationList;
			buildConfigurations = (
				DA1344441A26EE2B00729BD2 /* Debug */,
				DA1344451A26EE2B00729BD2 /* Release */,
			);
			defaultConfigurationIsVisible = 0;
			defaultConfigurationName = Release;
		};
		DA1344461A26EE2B00729BD2 /* Build configuration list for PBXNativeTarget "VeriFact" */ = {
			isa = XCConfigurationList;
			buildConfigurations = (
				DA1344471A26EE2B00729BD2 /* Debug */,
				DA1344481A26EE2B00729BD2 /* Release */,
			);
			defaultConfigurationIsVisible = 0;
			defaultConfigurationName = Release;
		};
		DA7E11C91A32CC8B005F4737 /* Build configuration list for PBXNativeTarget "VeriFact Tests" */ = {
			isa = XCConfigurationList;
			buildConfigurations = (
				DA7E11CA1A32CC8B005F4737 /* Debug */,
				DA7E11CB1A32CC8B005F4737 /* Release */,
			);
			defaultConfigurationIsVisible = 0;
			defaultConfigurationName = Release;
		};
/* End XCConfigurationList section */
	};
	rootObject = DA13441B1A26EE2B00729BD2 /* Project object */;
}
